// !$*UTF8*$!
{
	archiveVersion = 1;
	classes = {
	};
	objectVersion = 46;
	objects = {

/* Begin PBXBuildFile section */
		0E1E4659183CE74000624634 /* unifiApiConnector.m in Sources */ = {isa = PBXBuildFile; fileRef = 0E1E4658183CE74000624634 /* unifiApiConnector.m */; };
		0E1E465D183CEDC800624634 /* unifiApResource.m in Sources */ = {isa = PBXBuildFile; fileRef = 0E1E465C183CEDC800624634 /* unifiApResource.m */; };
		0E2032BE185702EA00D949E4 /* HomeIcon.png in Resources */ = {isa = PBXBuildFile; fileRef = 0E2032BC185702EA00D949E4 /* HomeIcon.png */; };
		0E2032BF185702EA00D949E4 /* HomeIcon@2x.png in Resources */ = {isa = PBXBuildFile; fileRef = 0E2032BD185702EA00D949E4 /* HomeIcon@2x.png */; };
		0E2032C21857045200D949E4 /* HomeIconPressed.png in Resources */ = {isa = PBXBuildFile; fileRef = 0E2032C01857045200D949E4 /* HomeIconPressed.png */; };
		0E2032C31857045300D949E4 /* HomeIconPressed@2x.png in Resources */ = {isa = PBXBuildFile; fileRef = 0E2032C11857045200D949E4 /* HomeIconPressed@2x.png */; };
		0E2032C8185706D100D949E4 /* BackwardIcon.png in Resources */ = {isa = PBXBuildFile; fileRef = 0E2032C4185706D100D949E4 /* BackwardIcon.png */; };
		0E2032C9185706D100D949E4 /* BackwardIcon@2x.png in Resources */ = {isa = PBXBuildFile; fileRef = 0E2032C5185706D100D949E4 /* BackwardIcon@2x.png */; };
		0E2032CA185706D100D949E4 /* BackwardIconPressed.png in Resources */ = {isa = PBXBuildFile; fileRef = 0E2032C6185706D100D949E4 /* BackwardIconPressed.png */; };
		0E2032CB185706D100D949E4 /* BackwardIconPressed@2x.png in Resources */ = {isa = PBXBuildFile; fileRef = 0E2032C7185706D100D949E4 /* BackwardIconPressed@2x.png */; };
		0E2032CD185794AF00D949E4 /* jquery.mobile-1.3.2.min.js in Resources */ = {isa = PBXBuildFile; fileRef = 0E2032CC185794AF00D949E4 /* jquery.mobile-1.3.2.min.js */; };
		0E488D85183C4FE4004FF995 /* Foundation.framework in Frameworks */ = {isa = PBXBuildFile; fileRef = 0E488D84183C4FE4004FF995 /* Foundation.framework */; };
		0E488D87183C4FE4004FF995 /* CoreGraphics.framework in Frameworks */ = {isa = PBXBuildFile; fileRef = 0E488D86183C4FE4004FF995 /* CoreGraphics.framework */; };
		0E488D89183C4FE4004FF995 /* UIKit.framework in Frameworks */ = {isa = PBXBuildFile; fileRef = 0E488D88183C4FE4004FF995 /* UIKit.framework */; };
		0E488D8F183C4FE4004FF995 /* InfoPlist.strings in Resources */ = {isa = PBXBuildFile; fileRef = 0E488D8D183C4FE4004FF995 /* InfoPlist.strings */; };
		0E488D91183C4FE4004FF995 /* main.m in Sources */ = {isa = PBXBuildFile; fileRef = 0E488D90183C4FE4004FF995 /* main.m */; };
		0E488D95183C4FE4004FF995 /* unifiAppDelegate.m in Sources */ = {isa = PBXBuildFile; fileRef = 0E488D94183C4FE4004FF995 /* unifiAppDelegate.m */; };
		0E488D98183C4FE4004FF995 /* Main_iPhone.storyboard in Resources */ = {isa = PBXBuildFile; fileRef = 0E488D96183C4FE4004FF995 /* Main_iPhone.storyboard */; };
		0E488D9B183C4FE4004FF995 /* Main_iPad.storyboard in Resources */ = {isa = PBXBuildFile; fileRef = 0E488D99183C4FE4004FF995 /* Main_iPad.storyboard */; };
		0E488D9E183C4FE5004FF995 /* unifiViewController.m in Sources */ = {isa = PBXBuildFile; fileRef = 0E488D9D183C4FE5004FF995 /* unifiViewController.m */; };
		0E488DA0183C4FE5004FF995 /* Images.xcassets in Resources */ = {isa = PBXBuildFile; fileRef = 0E488D9F183C4FE5004FF995 /* Images.xcassets */; };
		0E488DA7183C4FE5004FF995 /* XCTest.framework in Frameworks */ = {isa = PBXBuildFile; fileRef = 0E488DA6183C4FE5004FF995 /* XCTest.framework */; };
		0E488DA8183C4FE5004FF995 /* Foundation.framework in Frameworks */ = {isa = PBXBuildFile; fileRef = 0E488D84183C4FE4004FF995 /* Foundation.framework */; };
		0E488DA9183C4FE5004FF995 /* UIKit.framework in Frameworks */ = {isa = PBXBuildFile; fileRef = 0E488D88183C4FE4004FF995 /* UIKit.framework */; };
		0E488DB1183C4FE5004FF995 /* InfoPlist.strings in Resources */ = {isa = PBXBuildFile; fileRef = 0E488DAF183C4FE5004FF995 /* InfoPlist.strings */; };
		0E488DB3183C4FE5004FF995 /* UnifiManagementTests.m in Sources */ = {isa = PBXBuildFile; fileRef = 0E488DB2183C4FE5004FF995 /* UnifiManagementTests.m */; };
		0E4FD692184732E8009383C6 /* unifiGoogleResource.m in Sources */ = {isa = PBXBuildFile; fileRef = 0E4FD691184732E8009383C6 /* unifiGoogleResource.m */; };
		0E4FD6951847BA30009383C6 /* unifiTabViewController.m in Sources */ = {isa = PBXBuildFile; fileRef = 0E4FD6941847BA30009383C6 /* unifiTabViewController.m */; };
		0E55CDAF1874868A005858CF /* unifiTableViewCell.m in Sources */ = {isa = PBXBuildFile; fileRef = 0E55CDAE1874868A005858CF /* unifiTableViewCell.m */; };
		0E55CDB118748A18005858CF /* profile.jpg in Resources */ = {isa = PBXBuildFile; fileRef = 0E55CDB018748A18005858CF /* profile.jpg */; };
		0E55CDB418749A20005858CF /* unifiDeviceResource.m in Sources */ = {isa = PBXBuildFile; fileRef = 0E55CDB318749A20005858CF /* unifiDeviceResource.m */; };
		0E66899F183DF1A400434A2F /* unifiUserResource.m in Sources */ = {isa = PBXBuildFile; fileRef = 0E66899E183DF1A400434A2F /* unifiUserResource.m */; };
		0E836376184CBCCE0009D786 /* dx.chartjs.js in Resources */ = {isa = PBXBuildFile; fileRef = 0E836372184CBCCE0009D786 /* dx.chartjs.js */; };
		0E836377184CBCCE0009D786 /* globalize.min.js in Resources */ = {isa = PBXBuildFile; fileRef = 0E836373184CBCCE0009D786 /* globalize.min.js */; };
		0E836378184CBCCE0009D786 /* jquery-1.9.1.min.js in Resources */ = {isa = PBXBuildFile; fileRef = 0E836374184CBCCE0009D786 /* jquery-1.9.1.min.js */; };
		0E836379184CBCCE0009D786 /* knockout-2.2.1.js in Resources */ = {isa = PBXBuildFile; fileRef = 0E836375184CBCCE0009D786 /* knockout-2.2.1.js */; };
		0EAC5BA81860881100FCC28B /* unifiUserViewController.m in Sources */ = {isa = PBXBuildFile; fileRef = 0E17314E185F1309004CD0A1 /* unifiUserViewController.m */; };
		0EAC5BAC1860E36100FCC28B /* BlackBG.png in Resources */ = {isa = PBXBuildFile; fileRef = 0EAC5BAB1860E36100FCC28B /* BlackBG.png */; };
		0EAC5BAE1860E9D600FCC28B /* BlackBG2.png in Resources */ = {isa = PBXBuildFile; fileRef = 0EAC5BAD1860E9D600FCC28B /* BlackBG2.png */; };
		0EADF90F1874510700480598 /* profile.png in Resources */ = {isa = PBXBuildFile; fileRef = 0EADF90E1874510700480598 /* profile.png */; };
		0EADF912187457D100480598 /* DeviceIcon.png in Resources */ = {isa = PBXBuildFile; fileRef = 0EADF910187457D100480598 /* DeviceIcon.png */; };
		0EADF913187457D100480598 /* DeviceIcon@2x.png in Resources */ = {isa = PBXBuildFile; fileRef = 0EADF911187457D100480598 /* DeviceIcon@2x.png */; };
		0EB03D6B184D0CCA00879698 /* unifiSystemResource.m in Sources */ = {isa = PBXBuildFile; fileRef = 0EB03D6A184D0CCA00879698 /* unifiSystemResource.m */; };
		0EB9E9C1185C970B002FB1B3 /* DateIcon.png in Resources */ = {isa = PBXBuildFile; fileRef = 0EB9E9BD185C970B002FB1B3 /* DateIcon.png */; };
		0EB9E9C2185C970B002FB1B3 /* DateIcon@2x.png in Resources */ = {isa = PBXBuildFile; fileRef = 0EB9E9BE185C970B002FB1B3 /* DateIcon@2x.png */; };
		0EB9E9C3185C970B002FB1B3 /* DateIconPressed@2x.png in Resources */ = {isa = PBXBuildFile; fileRef = 0EB9E9BF185C970B002FB1B3 /* DateIconPressed@2x.png */; };
		0EB9E9C4185C970B002FB1B3 /* DateIconPressed.png in Resources */ = {isa = PBXBuildFile; fileRef = 0EB9E9C0185C970B002FB1B3 /* DateIconPressed.png */; };
		0EB9E9C9185C9890002FB1B3 /* HoursIcon.png in Resources */ = {isa = PBXBuildFile; fileRef = 0EB9E9C5185C9890002FB1B3 /* HoursIcon.png */; };
		0EB9E9CA185C9890002FB1B3 /* HoursIcon@2x.png in Resources */ = {isa = PBXBuildFile; fileRef = 0EB9E9C6185C9890002FB1B3 /* HoursIcon@2x.png */; };
		0EB9E9CB185C9890002FB1B3 /* HoursIconPressed.png in Resources */ = {isa = PBXBuildFile; fileRef = 0EB9E9C7185C9890002FB1B3 /* HoursIconPressed.png */; };
		0EB9E9CC185C9890002FB1B3 /* HoursIconPressed@2x.png in Resources */ = {isa = PBXBuildFile; fileRef = 0EB9E9C8185C9890002FB1B3 /* HoursIconPressed@2x.png */; };
		0EB9E9CF185E162C002FB1B3 /* DejalActivityView.m in Sources */ = {isa = PBXBuildFile; fileRef = 0EB9E9CE185E162C002FB1B3 /* DejalActivityView.m */; };
		0EB9E9D2185EC7A7002FB1B3 /* unifiUITapGestureRecognizer.m in Sources */ = {isa = PBXBuildFile; fileRef = 0EB9E9D1185EC7A7002FB1B3 /* unifiUITapGestureRecognizer.m */; };
		0EBCF0CC1842FB2200D11BFD /* unifiMenuButton.m in Sources */ = {isa = PBXBuildFile; fileRef = 0EBCF0CB1842FB2200D11BFD /* unifiMenuButton.m */; };
		0EBCF10F184344FF00D11BFD /* unifiSplashViewController.m in Sources */ = {isa = PBXBuildFile; fileRef = 0EBCF10E184344FF00D11BFD /* unifiSplashViewController.m */; };
		0EBCF1121843763400D11BFD /* TJSpinner.m in Sources */ = {isa = PBXBuildFile; fileRef = 0EBCF1111843763400D11BFD /* TJSpinner.m */; };
		0EBCF1371843C5FC00D11BFD /* APIcon.png in Resources */ = {isa = PBXBuildFile; fileRef = 0EBCF11F1843C5FC00D11BFD /* APIcon.png */; };
		0EBCF1381843C5FC00D11BFD /* APIcon@2x.png in Resources */ = {isa = PBXBuildFile; fileRef = 0EBCF1201843C5FC00D11BFD /* APIcon@2x.png */; };
		0EBCF1391843C5FC00D11BFD /* APIcon2.png in Resources */ = {isa = PBXBuildFile; fileRef = 0EBCF1211843C5FC00D11BFD /* APIcon2.png */; };
		0EBCF13A1843C5FC00D11BFD /* APIcon2@2x.png in Resources */ = {isa = PBXBuildFile; fileRef = 0EBCF1221843C5FC00D11BFD /* APIcon2@2x.png */; };
		0EBCF13B1843C5FC00D11BFD /* APIconPressed.png in Resources */ = {isa = PBXBuildFile; fileRef = 0EBCF1231843C5FC00D11BFD /* APIconPressed.png */; };
		0EBCF13C1843C5FC00D11BFD /* APIconPressed@2x.png in Resources */ = {isa = PBXBuildFile; fileRef = 0EBCF1241843C5FC00D11BFD /* APIconPressed@2x.png */; };
		0EBCF13D1843C5FC00D11BFD /* LineIcon.png in Resources */ = {isa = PBXBuildFile; fileRef = 0EBCF1251843C5FC00D11BFD /* LineIcon.png */; };
		0EBCF13E1843C5FC00D11BFD /* LineIcon@2x.png in Resources */ = {isa = PBXBuildFile; fileRef = 0EBCF1261843C5FC00D11BFD /* LineIcon@2x.png */; };
		0EBCF13F1843C5FC00D11BFD /* LineIconPressed.png in Resources */ = {isa = PBXBuildFile; fileRef = 0EBCF1271843C5FC00D11BFD /* LineIconPressed.png */; };
		0EBCF1401843C5FC00D11BFD /* LineIconPressed@2x.png in Resources */ = {isa = PBXBuildFile; fileRef = 0EBCF1281843C5FC00D11BFD /* LineIconPressed@2x.png */; };
		0EBCF1411843C5FC00D11BFD /* Logo.png in Resources */ = {isa = PBXBuildFile; fileRef = 0EBCF1291843C5FC00D11BFD /* Logo.png */; };
		0EBCF1421843C5FC00D11BFD /* NotificationIcon.png in Resources */ = {isa = PBXBuildFile; fileRef = 0EBCF12A1843C5FC00D11BFD /* NotificationIcon.png */; };
		0EBCF1431843C5FC00D11BFD /* NotificationIcon@2x.png in Resources */ = {isa = PBXBuildFile; fileRef = 0EBCF12B1843C5FC00D11BFD /* NotificationIcon@2x.png */; };
		0EBCF1441843C5FC00D11BFD /* NotificationIconPressed.png in Resources */ = {isa = PBXBuildFile; fileRef = 0EBCF12C1843C5FC00D11BFD /* NotificationIconPressed.png */; };
		0EBCF1451843C5FC00D11BFD /* NotificationIconPressed@2x.png in Resources */ = {isa = PBXBuildFile; fileRef = 0EBCF12D1843C5FC00D11BFD /* NotificationIconPressed@2x.png */; };
		0EBCF1461843C5FC00D11BFD /* OverviewBG.png in Resources */ = {isa = PBXBuildFile; fileRef = 0EBCF12E1843C5FC00D11BFD /* OverviewBG.png */; };
		0EBCF1471843C5FC00D11BFD /* OverviewBG@2x.png in Resources */ = {isa = PBXBuildFile; fileRef = 0EBCF12F1843C5FC00D11BFD /* OverviewBG@2x.png */; };
		0EBCF1481843C5FC00D11BFD /* PieIcon.png in Resources */ = {isa = PBXBuildFile; fileRef = 0EBCF1301843C5FC00D11BFD /* PieIcon.png */; };
		0EBCF1491843C5FC00D11BFD /* PieIcon@2x.png in Resources */ = {isa = PBXBuildFile; fileRef = 0EBCF1311843C5FC00D11BFD /* PieIcon@2x.png */; };
		0EBCF14A1843C5FC00D11BFD /* PieIconPressed.png in Resources */ = {isa = PBXBuildFile; fileRef = 0EBCF1321843C5FC00D11BFD /* PieIconPressed.png */; };
		0EBCF14B1843C5FC00D11BFD /* PieIconPressed@2x.png in Resources */ = {isa = PBXBuildFile; fileRef = 0EBCF1331843C5FC00D11BFD /* PieIconPressed@2x.png */; };
		0EBCF14C1843C5FC00D11BFD /* TreeIcon.png in Resources */ = {isa = PBXBuildFile; fileRef = 0EBCF1341843C5FC00D11BFD /* TreeIcon.png */; };
		0EBCF14D1843C5FC00D11BFD /* TreeIcon@2x.png in Resources */ = {isa = PBXBuildFile; fileRef = 0EBCF1351843C5FC00D11BFD /* TreeIcon@2x.png */; };
		0EBCF14E1843C5FC00D11BFD /* TWIcon.png in Resources */ = {isa = PBXBuildFile; fileRef = 0EBCF1361843C5FC00D11BFD /* TWIcon.png */; };
		0EBCF15A1843C61B00D11BFD /* TWIcon@2x.png in Resources */ = {isa = PBXBuildFile; fileRef = 0EBCF14F1843C61B00D11BFD /* TWIcon@2x.png */; };
		0EBCF15B1843C61B00D11BFD /* TWIcon2.png in Resources */ = {isa = PBXBuildFile; fileRef = 0EBCF1501843C61B00D11BFD /* TWIcon2.png */; };
		0EBCF15C1843C61B00D11BFD /* TWIcon2@2x.png in Resources */ = {isa = PBXBuildFile; fileRef = 0EBCF1511843C61B00D11BFD /* TWIcon2@2x.png */; };
		0EBCF15D1843C61B00D11BFD /* TWIcon3.png in Resources */ = {isa = PBXBuildFile; fileRef = 0EBCF1521843C61B00D11BFD /* TWIcon3.png */; };
		0EBCF15E1843C61B00D11BFD /* TWIcon3@2x.png in Resources */ = {isa = PBXBuildFile; fileRef = 0EBCF1531843C61B00D11BFD /* TWIcon3@2x.png */; };
		0EBCF15F1843C61B00D11BFD /* UserIcon.png in Resources */ = {isa = PBXBuildFile; fileRef = 0EBCF1541843C61B00D11BFD /* UserIcon.png */; };
		0EBCF1601843C61B00D11BFD /* UserIcon@2x.png in Resources */ = {isa = PBXBuildFile; fileRef = 0EBCF1551843C61B00D11BFD /* UserIcon@2x.png */; };
		0EBCF1611843C61B00D11BFD /* UserIcon2.png in Resources */ = {isa = PBXBuildFile; fileRef = 0EBCF1561843C61B00D11BFD /* UserIcon2.png */; };
		0EBCF1621843C61B00D11BFD /* UserIcon2@2x.png in Resources */ = {isa = PBXBuildFile; fileRef = 0EBCF1571843C61B00D11BFD /* UserIcon2@2x.png */; };
		0EBCF1631843C61B00D11BFD /* UserIconPressed.png in Resources */ = {isa = PBXBuildFile; fileRef = 0EBCF1581843C61B00D11BFD /* UserIconPressed.png */; };
		0EBCF1641843C61B00D11BFD /* UserIconPressed@2x.png in Resources */ = {isa = PBXBuildFile; fileRef = 0EBCF1591843C61B00D11BFD /* UserIconPressed@2x.png */; };
		0EBF867F1872B93600F2B49D /* unifiProfileViewController.m in Sources */ = {isa = PBXBuildFile; fileRef = 0EBF867E1872B93600F2B49D /* unifiProfileViewController.m */; };
		0ED0FED11844867900349D39 /* line.html in Resources */ = {isa = PBXBuildFile; fileRef = 0ED0FED01844867900349D39 /* line.html */; };
		0ED0FED418448A7600349D39 /* unifiDashboardViewController.m in Sources */ = {isa = PBXBuildFile; fileRef = 0ED0FED318448A7600349D39 /* unifiDashboardViewController.m */; };
		0ED0FED71844AB4A00349D39 /* unifiGlobalVariable.m in Sources */ = {isa = PBXBuildFile; fileRef = 0ED0FED61844AB4A00349D39 /* unifiGlobalVariable.m */; };
		0ED0FEDD1845A17300349D39 /* MHTabBarSegue.m in Sources */ = {isa = PBXBuildFile; fileRef = 0ED0FEDB1845A17300349D39 /* MHTabBarSegue.m */; };
		0ED0FF3D18466AB600349D39 /* unifiGoogleNavigationController.m in Sources */ = {isa = PBXBuildFile; fileRef = 0ED0FF3C18466AB600349D39 /* unifiGoogleNavigationController.m */; };
		0ED0FF4118466C1200349D39 /* unifiGoogleViewController.m in Sources */ = {isa = PBXBuildFile; fileRef = 0ED0FF4018466C1200349D39 /* unifiGoogleViewController.m */; };
		0EE2D00E185639C800409FBE /* SDWebImage.framework in Frameworks */ = {isa = PBXBuildFile; fileRef = 0EE2D00D185639C800409FBE /* SDWebImage.framework */; };
		0EE2D01018563A0600409FBE /* ImageIO.framework in Frameworks */ = {isa = PBXBuildFile; fileRef = 0EE2D00F18563A0600409FBE /* ImageIO.framework */; };
		0EE341DA184C325A00C8814A /* unifiSettingViewController.m in Sources */ = {isa = PBXBuildFile; fileRef = 0EE341D9184C325A00C8814A /* unifiSettingViewController.m */; };
		0EE341DE184C7CA700C8814A /* unifiStatisticViewController.m in Sources */ = {isa = PBXBuildFile; fileRef = 0EE341DD184C7CA700C8814A /* unifiStatisticViewController.m */; };
		0EE7F2DE18617B0C00F9B7C1 /* UserIcon3.png in Resources */ = {isa = PBXBuildFile; fileRef = 0EE7F2DC18617B0C00F9B7C1 /* UserIcon3.png */; };
		0EE7F2DF18617B0C00F9B7C1 /* UserIcon3@2x.png in Resources */ = {isa = PBXBuildFile; fileRef = 0EE7F2DD18617B0C00F9B7C1 /* UserIcon3@2x.png */; };
		0EF176651856CF7700F5CCF5 /* unifiNavigationManagementViewController.m in Sources */ = {isa = PBXBuildFile; fileRef = 0EF176641856CF7700F5CCF5 /* unifiNavigationManagementViewController.m */; };
		0EF4E93B1854C04E0097FACB /* TransparentBG.png in Resources */ = {isa = PBXBuildFile; fileRef = 0EF4E93A1854C04E0097FACB /* TransparentBG.png */; };
		0EF4E93F1854C1360097FACB /* WhiteBG.png in Resources */ = {isa = PBXBuildFile; fileRef = 0EF4E93D1854C1360097FACB /* WhiteBG.png */; };
		0EF4E9411854C22D0097FACB /* White2BG.png in Resources */ = {isa = PBXBuildFile; fileRef = 0EF4E9401854C22D0097FACB /* White2BG.png */; };
		0EF4E94A1854D4C10097FACB /* SettingIcon@2x.png in Resources */ = {isa = PBXBuildFile; fileRef = 0EF4E9481854D4C10097FACB /* SettingIcon@2x.png */; };
		0EF4E94B1854D4C10097FACB /* SettingIcon.png in Resources */ = {isa = PBXBuildFile; fileRef = 0EF4E9491854D4C10097FACB /* SettingIcon.png */; };
		0EF4E94E1854D69A0097FACB /* DiagramIcon.png in Resources */ = {isa = PBXBuildFile; fileRef = 0EF4E94C1854D69A0097FACB /* DiagramIcon.png */; };
		0EF4E94F1854D69A0097FACB /* DiagramIcon@2x.png in Resources */ = {isa = PBXBuildFile; fileRef = 0EF4E94D1854D69A0097FACB /* DiagramIcon@2x.png */; };
		0EF4E95A1854D9460097FACB /* DashboardIcon.png in Resources */ = {isa = PBXBuildFile; fileRef = 0EF4E9581854D9460097FACB /* DashboardIcon.png */; };
		0EF4E95B1854D9460097FACB /* DashboardIcon@2x.png in Resources */ = {isa = PBXBuildFile; fileRef = 0EF4E9591854D9460097FACB /* DashboardIcon@2x.png */; };
		0EF4E95E1854FF3E0097FACB /* UITabBarController+unifiTabBarWithHide.m in Sources */ = {isa = PBXBuildFile; fileRef = 0EF4E95D1854FF3E0097FACB /* UITabBarController+unifiTabBarWithHide.m */; };
/* End PBXBuildFile section */

/* Begin PBXContainerItemProxy section */
		0E488DAA183C4FE5004FF995 /* PBXContainerItemProxy */ = {
			isa = PBXContainerItemProxy;
			containerPortal = 0E488D79183C4FE4004FF995 /* Project object */;
			proxyType = 1;
			remoteGlobalIDString = 0E488D80183C4FE4004FF995;
			remoteInfo = UnifiManagement;
		};
/* End PBXContainerItemProxy section */

/* Begin PBXFileReference section */
		0E17314D185F1309004CD0A1 /* unifiUserViewController.h */ = {isa = PBXFileReference; fileEncoding = 4; lastKnownFileType = sourcecode.c.h; name = unifiUserViewController.h; path = Navigator/unifiUserViewController.h; sourceTree = "<group>"; };
		0E17314E185F1309004CD0A1 /* unifiUserViewController.m */ = {isa = PBXFileReference; fileEncoding = 4; lastKnownFileType = sourcecode.c.objc; name = unifiUserViewController.m; path = Navigator/unifiUserViewController.m; sourceTree = "<group>"; };
		0E1E4657183CE74000624634 /* unifiApiConnector.h */ = {isa = PBXFileReference; fileEncoding = 4; lastKnownFileType = sourcecode.c.h; name = unifiApiConnector.h; path = Resource/unifiApiConnector.h; sourceTree = "<group>"; };
		0E1E4658183CE74000624634 /* unifiApiConnector.m */ = {isa = PBXFileReference; fileEncoding = 4; lastKnownFileType = sourcecode.c.objc; name = unifiApiConnector.m; path = Resource/unifiApiConnector.m; sourceTree = "<group>"; };
		0E1E465B183CEDC800624634 /* unifiApResource.h */ = {isa = PBXFileReference; fileEncoding = 4; lastKnownFileType = sourcecode.c.h; name = unifiApResource.h; path = Resource/unifiApResource.h; sourceTree = "<group>"; };
		0E1E465C183CEDC800624634 /* unifiApResource.m */ = {isa = PBXFileReference; fileEncoding = 4; lastKnownFileType = sourcecode.c.objc; name = unifiApResource.m; path = Resource/unifiApResource.m; sourceTree = "<group>"; };
		0E2032BC185702EA00D949E4 /* HomeIcon.png */ = {isa = PBXFileReference; lastKnownFileType = image.png; path = HomeIcon.png; sourceTree = "<group>"; };
		0E2032BD185702EA00D949E4 /* HomeIcon@2x.png */ = {isa = PBXFileReference; lastKnownFileType = image.png; path = "HomeIcon@2x.png"; sourceTree = "<group>"; };
		0E2032C01857045200D949E4 /* HomeIconPressed.png */ = {isa = PBXFileReference; lastKnownFileType = image.png; path = HomeIconPressed.png; sourceTree = "<group>"; };
		0E2032C11857045200D949E4 /* HomeIconPressed@2x.png */ = {isa = PBXFileReference; lastKnownFileType = image.png; path = "HomeIconPressed@2x.png"; sourceTree = "<group>"; };
		0E2032C4185706D100D949E4 /* BackwardIcon.png */ = {isa = PBXFileReference; lastKnownFileType = image.png; path = BackwardIcon.png; sourceTree = "<group>"; };
		0E2032C5185706D100D949E4 /* BackwardIcon@2x.png */ = {isa = PBXFileReference; lastKnownFileType = image.png; path = "BackwardIcon@2x.png"; sourceTree = "<group>"; };
		0E2032C6185706D100D949E4 /* BackwardIconPressed.png */ = {isa = PBXFileReference; lastKnownFileType = image.png; path = BackwardIconPressed.png; sourceTree = "<group>"; };
		0E2032C7185706D100D949E4 /* BackwardIconPressed@2x.png */ = {isa = PBXFileReference; lastKnownFileType = image.png; path = "BackwardIconPressed@2x.png"; sourceTree = "<group>"; };
		0E2032CC185794AF00D949E4 /* jquery.mobile-1.3.2.min.js */ = {isa = PBXFileReference; fileEncoding = 4; lastKnownFileType = sourcecode.javascript; path = "jquery.mobile-1.3.2.min.js"; sourceTree = "<group>"; };
		0E488D81183C4FE4004FF995 /* UnifiManagement.app */ = {isa = PBXFileReference; explicitFileType = wrapper.application; includeInIndex = 0; path = UnifiManagement.app; sourceTree = BUILT_PRODUCTS_DIR; };
		0E488D84183C4FE4004FF995 /* Foundation.framework */ = {isa = PBXFileReference; lastKnownFileType = wrapper.framework; name = Foundation.framework; path = System/Library/Frameworks/Foundation.framework; sourceTree = SDKROOT; };
		0E488D86183C4FE4004FF995 /* CoreGraphics.framework */ = {isa = PBXFileReference; lastKnownFileType = wrapper.framework; name = CoreGraphics.framework; path = System/Library/Frameworks/CoreGraphics.framework; sourceTree = SDKROOT; };
		0E488D88183C4FE4004FF995 /* UIKit.framework */ = {isa = PBXFileReference; lastKnownFileType = wrapper.framework; name = UIKit.framework; path = System/Library/Frameworks/UIKit.framework; sourceTree = SDKROOT; };
		0E488D8C183C4FE4004FF995 /* UnifiManagement-Info.plist */ = {isa = PBXFileReference; lastKnownFileType = text.plist.xml; path = "UnifiManagement-Info.plist"; sourceTree = "<group>"; };
		0E488D8E183C4FE4004FF995 /* en */ = {isa = PBXFileReference; lastKnownFileType = text.plist.strings; name = en; path = en.lproj/InfoPlist.strings; sourceTree = "<group>"; };
		0E488D90183C4FE4004FF995 /* main.m */ = {isa = PBXFileReference; lastKnownFileType = sourcecode.c.objc; path = main.m; sourceTree = "<group>"; };
		0E488D92183C4FE4004FF995 /* UnifiManagement-Prefix.pch */ = {isa = PBXFileReference; lastKnownFileType = sourcecode.c.h; path = "UnifiManagement-Prefix.pch"; sourceTree = "<group>"; };
		0E488D93183C4FE4004FF995 /* unifiAppDelegate.h */ = {isa = PBXFileReference; lastKnownFileType = sourcecode.c.h; path = unifiAppDelegate.h; sourceTree = "<group>"; };
		0E488D94183C4FE4004FF995 /* unifiAppDelegate.m */ = {isa = PBXFileReference; lastKnownFileType = sourcecode.c.objc; path = unifiAppDelegate.m; sourceTree = "<group>"; };
		0E488D97183C4FE4004FF995 /* Base */ = {isa = PBXFileReference; lastKnownFileType = file.storyboard; name = Base; path = Base.lproj/Main_iPhone.storyboard; sourceTree = "<group>"; };
		0E488D9A183C4FE4004FF995 /* Base */ = {isa = PBXFileReference; lastKnownFileType = file.storyboard; name = Base; path = Base.lproj/Main_iPad.storyboard; sourceTree = "<group>"; };
		0E488D9C183C4FE4004FF995 /* unifiViewController.h */ = {isa = PBXFileReference; lastKnownFileType = sourcecode.c.h; path = unifiViewController.h; sourceTree = "<group>"; };
		0E488D9D183C4FE5004FF995 /* unifiViewController.m */ = {isa = PBXFileReference; lastKnownFileType = sourcecode.c.objc; path = unifiViewController.m; sourceTree = "<group>"; };
		0E488D9F183C4FE5004FF995 /* Images.xcassets */ = {isa = PBXFileReference; lastKnownFileType = folder.assetcatalog; path = Images.xcassets; sourceTree = "<group>"; };
		0E488DA5183C4FE5004FF995 /* UnifiManagementTests.xctest */ = {isa = PBXFileReference; explicitFileType = wrapper.cfbundle; includeInIndex = 0; path = UnifiManagementTests.xctest; sourceTree = BUILT_PRODUCTS_DIR; };
		0E488DA6183C4FE5004FF995 /* XCTest.framework */ = {isa = PBXFileReference; lastKnownFileType = wrapper.framework; name = XCTest.framework; path = Library/Frameworks/XCTest.framework; sourceTree = DEVELOPER_DIR; };
		0E488DAE183C4FE5004FF995 /* UnifiManagementTests-Info.plist */ = {isa = PBXFileReference; lastKnownFileType = text.plist.xml; path = "UnifiManagementTests-Info.plist"; sourceTree = "<group>"; };
		0E488DB0183C4FE5004FF995 /* en */ = {isa = PBXFileReference; lastKnownFileType = text.plist.strings; name = en; path = en.lproj/InfoPlist.strings; sourceTree = "<group>"; };
		0E488DB2183C4FE5004FF995 /* UnifiManagementTests.m */ = {isa = PBXFileReference; lastKnownFileType = sourcecode.c.objc; path = UnifiManagementTests.m; sourceTree = "<group>"; };
		0E4FD690184732E8009383C6 /* unifiGoogleResource.h */ = {isa = PBXFileReference; fileEncoding = 4; lastKnownFileType = sourcecode.c.h; name = unifiGoogleResource.h; path = Resource/unifiGoogleResource.h; sourceTree = "<group>"; };
		0E4FD691184732E8009383C6 /* unifiGoogleResource.m */ = {isa = PBXFileReference; fileEncoding = 4; lastKnownFileType = sourcecode.c.objc; name = unifiGoogleResource.m; path = Resource/unifiGoogleResource.m; sourceTree = "<group>"; };
		0E4FD6931847BA30009383C6 /* unifiTabViewController.h */ = {isa = PBXFileReference; fileEncoding = 4; lastKnownFileType = sourcecode.c.h; path = unifiTabViewController.h; sourceTree = "<group>"; };
		0E4FD6941847BA30009383C6 /* unifiTabViewController.m */ = {isa = PBXFileReference; fileEncoding = 4; lastKnownFileType = sourcecode.c.objc; path = unifiTabViewController.m; sourceTree = "<group>"; };
		0E55CDAD1874868A005858CF /* unifiTableViewCell.h */ = {isa = PBXFileReference; fileEncoding = 4; lastKnownFileType = sourcecode.c.h; name = unifiTableViewCell.h; path = InterfaceBuilder/unifiTableViewCell.h; sourceTree = "<group>"; };
		0E55CDAE1874868A005858CF /* unifiTableViewCell.m */ = {isa = PBXFileReference; fileEncoding = 4; lastKnownFileType = sourcecode.c.objc; name = unifiTableViewCell.m; path = InterfaceBuilder/unifiTableViewCell.m; sourceTree = "<group>"; };
		0E55CDB018748A18005858CF /* profile.jpg */ = {isa = PBXFileReference; lastKnownFileType = image.jpeg; path = profile.jpg; sourceTree = "<group>"; };
		0E55CDB218749A20005858CF /* unifiDeviceResource.h */ = {isa = PBXFileReference; fileEncoding = 4; lastKnownFileType = sourcecode.c.h; name = unifiDeviceResource.h; path = Resource/unifiDeviceResource.h; sourceTree = "<group>"; };
		0E55CDB318749A20005858CF /* unifiDeviceResource.m */ = {isa = PBXFileReference; fileEncoding = 4; lastKnownFileType = sourcecode.c.objc; name = unifiDeviceResource.m; path = Resource/unifiDeviceResource.m; sourceTree = "<group>"; };
		0E66899D183DF1A400434A2F /* unifiUserResource.h */ = {isa = PBXFileReference; fileEncoding = 4; lastKnownFileType = sourcecode.c.h; name = unifiUserResource.h; path = Resource/unifiUserResource.h; sourceTree = "<group>"; };
		0E66899E183DF1A400434A2F /* unifiUserResource.m */ = {isa = PBXFileReference; fileEncoding = 4; lastKnownFileType = sourcecode.c.objc; name = unifiUserResource.m; path = Resource/unifiUserResource.m; sourceTree = "<group>"; };
		0E836372184CBCCE0009D786 /* dx.chartjs.js */ = {isa = PBXFileReference; fileEncoding = 4; lastKnownFileType = sourcecode.javascript; path = dx.chartjs.js; sourceTree = "<group>"; };
		0E836373184CBCCE0009D786 /* globalize.min.js */ = {isa = PBXFileReference; fileEncoding = 4; lastKnownFileType = sourcecode.javascript; path = globalize.min.js; sourceTree = "<group>"; };
		0E836374184CBCCE0009D786 /* jquery-1.9.1.min.js */ = {isa = PBXFileReference; fileEncoding = 4; lastKnownFileType = sourcecode.javascript; path = "jquery-1.9.1.min.js"; sourceTree = "<group>"; };
		0E836375184CBCCE0009D786 /* knockout-2.2.1.js */ = {isa = PBXFileReference; fileEncoding = 4; lastKnownFileType = sourcecode.javascript; path = "knockout-2.2.1.js"; sourceTree = "<group>"; };
		0EAC5BAB1860E36100FCC28B /* BlackBG.png */ = {isa = PBXFileReference; lastKnownFileType = image.png; path = BlackBG.png; sourceTree = "<group>"; };
		0EAC5BAD1860E9D600FCC28B /* BlackBG2.png */ = {isa = PBXFileReference; lastKnownFileType = image.png; path = BlackBG2.png; sourceTree = "<group>"; };
		0EADF90E1874510700480598 /* profile.png */ = {isa = PBXFileReference; lastKnownFileType = image.png; path = profile.png; sourceTree = "<group>"; };
		0EADF910187457D100480598 /* DeviceIcon.png */ = {isa = PBXFileReference; lastKnownFileType = image.png; path = DeviceIcon.png; sourceTree = "<group>"; };
		0EADF911187457D100480598 /* DeviceIcon@2x.png */ = {isa = PBXFileReference; lastKnownFileType = image.png; path = "DeviceIcon@2x.png"; sourceTree = "<group>"; };
		0EB03D69184D0CCA00879698 /* unifiSystemResource.h */ = {isa = PBXFileReference; fileEncoding = 4; lastKnownFileType = sourcecode.c.h; name = unifiSystemResource.h; path = Resource/unifiSystemResource.h; sourceTree = "<group>"; };
		0EB03D6A184D0CCA00879698 /* unifiSystemResource.m */ = {isa = PBXFileReference; fileEncoding = 4; lastKnownFileType = sourcecode.c.objc; name = unifiSystemResource.m; path = Resource/unifiSystemResource.m; sourceTree = "<group>"; };
		0EB9E9BD185C970B002FB1B3 /* DateIcon.png */ = {isa = PBXFileReference; lastKnownFileType = image.png; path = DateIcon.png; sourceTree = "<group>"; };
		0EB9E9BE185C970B002FB1B3 /* DateIcon@2x.png */ = {isa = PBXFileReference; lastKnownFileType = image.png; path = "DateIcon@2x.png"; sourceTree = "<group>"; };
		0EB9E9BF185C970B002FB1B3 /* DateIconPressed@2x.png */ = {isa = PBXFileReference; lastKnownFileType = image.png; path = "DateIconPressed@2x.png"; sourceTree = "<group>"; };
		0EB9E9C0185C970B002FB1B3 /* DateIconPressed.png */ = {isa = PBXFileReference; lastKnownFileType = image.png; path = DateIconPressed.png; sourceTree = "<group>"; };
		0EB9E9C5185C9890002FB1B3 /* HoursIcon.png */ = {isa = PBXFileReference; lastKnownFileType = image.png; path = HoursIcon.png; sourceTree = "<group>"; };
		0EB9E9C6185C9890002FB1B3 /* HoursIcon@2x.png */ = {isa = PBXFileReference; lastKnownFileType = image.png; path = "HoursIcon@2x.png"; sourceTree = "<group>"; };
		0EB9E9C7185C9890002FB1B3 /* HoursIconPressed.png */ = {isa = PBXFileReference; lastKnownFileType = image.png; path = HoursIconPressed.png; sourceTree = "<group>"; };
		0EB9E9C8185C9890002FB1B3 /* HoursIconPressed@2x.png */ = {isa = PBXFileReference; lastKnownFileType = image.png; path = "HoursIconPressed@2x.png"; sourceTree = "<group>"; };
		0EB9E9CD185E162C002FB1B3 /* DejalActivityView.h */ = {isa = PBXFileReference; fileEncoding = 4; lastKnownFileType = sourcecode.c.h; path = DejalActivityView.h; sourceTree = "<group>"; };
		0EB9E9CE185E162C002FB1B3 /* DejalActivityView.m */ = {isa = PBXFileReference; fileEncoding = 4; lastKnownFileType = sourcecode.c.objc; path = DejalActivityView.m; sourceTree = "<group>"; };
		0EB9E9D0185EC7A7002FB1B3 /* unifiUITapGestureRecognizer.h */ = {isa = PBXFileReference; fileEncoding = 4; lastKnownFileType = sourcecode.c.h; name = unifiUITapGestureRecognizer.h; path = InterfaceBuilder/unifiUITapGestureRecognizer.h; sourceTree = "<group>"; };
		0EB9E9D1185EC7A7002FB1B3 /* unifiUITapGestureRecognizer.m */ = {isa = PBXFileReference; fileEncoding = 4; lastKnownFileType = sourcecode.c.objc; name = unifiUITapGestureRecognizer.m; path = InterfaceBuilder/unifiUITapGestureRecognizer.m; sourceTree = "<group>"; };
		0EBCF0CA1842FB2200D11BFD /* unifiMenuButton.h */ = {isa = PBXFileReference; fileEncoding = 4; lastKnownFileType = sourcecode.c.h; name = "unifi\U0010MenuButton.h"; path = "InterfaceBuilder/unifi\U0010MenuButton.h"; sourceTree = "<group>"; };
		0EBCF0CB1842FB2200D11BFD /* unifiMenuButton.m */ = {isa = PBXFileReference; fileEncoding = 4; lastKnownFileType = sourcecode.c.objc; name = "unifi\U0010MenuButton.m"; path = "InterfaceBuilder/unifi\U0010MenuButton.m"; sourceTree = "<group>"; };
		0EBCF10D184344FF00D11BFD /* unifiSplashViewController.h */ = {isa = PBXFileReference; fileEncoding = 4; lastKnownFileType = sourcecode.c.h; path = unifiSplashViewController.h; sourceTree = "<group>"; };
		0EBCF10E184344FF00D11BFD /* unifiSplashViewController.m */ = {isa = PBXFileReference; fileEncoding = 4; lastKnownFileType = sourcecode.c.objc; path = unifiSplashViewController.m; sourceTree = "<group>"; };
		0EBCF1101843763400D11BFD /* TJSpinner.h */ = {isa = PBXFileReference; fileEncoding = 4; lastKnownFileType = sourcecode.c.h; path = TJSpinner.h; sourceTree = "<group>"; };
		0EBCF1111843763400D11BFD /* TJSpinner.m */ = {isa = PBXFileReference; fileEncoding = 4; lastKnownFileType = sourcecode.c.objc; path = TJSpinner.m; sourceTree = "<group>"; };
		0EBCF11F1843C5FC00D11BFD /* APIcon.png */ = {isa = PBXFileReference; lastKnownFileType = image.png; path = APIcon.png; sourceTree = "<group>"; };
		0EBCF1201843C5FC00D11BFD /* APIcon@2x.png */ = {isa = PBXFileReference; lastKnownFileType = image.png; path = "APIcon@2x.png"; sourceTree = "<group>"; };
		0EBCF1211843C5FC00D11BFD /* APIcon2.png */ = {isa = PBXFileReference; lastKnownFileType = image.png; path = APIcon2.png; sourceTree = "<group>"; };
		0EBCF1221843C5FC00D11BFD /* APIcon2@2x.png */ = {isa = PBXFileReference; lastKnownFileType = image.png; path = "APIcon2@2x.png"; sourceTree = "<group>"; };
		0EBCF1231843C5FC00D11BFD /* APIconPressed.png */ = {isa = PBXFileReference; lastKnownFileType = image.png; path = APIconPressed.png; sourceTree = "<group>"; };
		0EBCF1241843C5FC00D11BFD /* APIconPressed@2x.png */ = {isa = PBXFileReference; lastKnownFileType = image.png; path = "APIconPressed@2x.png"; sourceTree = "<group>"; };
		0EBCF1251843C5FC00D11BFD /* LineIcon.png */ = {isa = PBXFileReference; lastKnownFileType = image.png; path = LineIcon.png; sourceTree = "<group>"; };
		0EBCF1261843C5FC00D11BFD /* LineIcon@2x.png */ = {isa = PBXFileReference; lastKnownFileType = image.png; path = "LineIcon@2x.png"; sourceTree = "<group>"; };
		0EBCF1271843C5FC00D11BFD /* LineIconPressed.png */ = {isa = PBXFileReference; lastKnownFileType = image.png; path = LineIconPressed.png; sourceTree = "<group>"; };
		0EBCF1281843C5FC00D11BFD /* LineIconPressed@2x.png */ = {isa = PBXFileReference; lastKnownFileType = image.png; path = "LineIconPressed@2x.png"; sourceTree = "<group>"; };
		0EBCF1291843C5FC00D11BFD /* Logo.png */ = {isa = PBXFileReference; lastKnownFileType = image.png; path = Logo.png; sourceTree = "<group>"; };
		0EBCF12A1843C5FC00D11BFD /* NotificationIcon.png */ = {isa = PBXFileReference; lastKnownFileType = image.png; path = NotificationIcon.png; sourceTree = "<group>"; };
		0EBCF12B1843C5FC00D11BFD /* NotificationIcon@2x.png */ = {isa = PBXFileReference; lastKnownFileType = image.png; path = "NotificationIcon@2x.png"; sourceTree = "<group>"; };
		0EBCF12C1843C5FC00D11BFD /* NotificationIconPressed.png */ = {isa = PBXFileReference; lastKnownFileType = image.png; path = NotificationIconPressed.png; sourceTree = "<group>"; };
		0EBCF12D1843C5FC00D11BFD /* NotificationIconPressed@2x.png */ = {isa = PBXFileReference; lastKnownFileType = image.png; path = "NotificationIconPressed@2x.png"; sourceTree = "<group>"; };
		0EBCF12E1843C5FC00D11BFD /* OverviewBG.png */ = {isa = PBXFileReference; lastKnownFileType = image.png; path = OverviewBG.png; sourceTree = "<group>"; };
		0EBCF12F1843C5FC00D11BFD /* OverviewBG@2x.png */ = {isa = PBXFileReference; lastKnownFileType = image.png; path = "OverviewBG@2x.png"; sourceTree = "<group>"; };
		0EBCF1301843C5FC00D11BFD /* PieIcon.png */ = {isa = PBXFileReference; lastKnownFileType = image.png; path = PieIcon.png; sourceTree = "<group>"; };
		0EBCF1311843C5FC00D11BFD /* PieIcon@2x.png */ = {isa = PBXFileReference; lastKnownFileType = image.png; path = "PieIcon@2x.png"; sourceTree = "<group>"; };
		0EBCF1321843C5FC00D11BFD /* PieIconPressed.png */ = {isa = PBXFileReference; lastKnownFileType = image.png; path = PieIconPressed.png; sourceTree = "<group>"; };
		0EBCF1331843C5FC00D11BFD /* PieIconPressed@2x.png */ = {isa = PBXFileReference; lastKnownFileType = image.png; path = "PieIconPressed@2x.png"; sourceTree = "<group>"; };
		0EBCF1341843C5FC00D11BFD /* TreeIcon.png */ = {isa = PBXFileReference; lastKnownFileType = image.png; path = TreeIcon.png; sourceTree = "<group>"; };
		0EBCF1351843C5FC00D11BFD /* TreeIcon@2x.png */ = {isa = PBXFileReference; lastKnownFileType = image.png; path = "TreeIcon@2x.png"; sourceTree = "<group>"; };
		0EBCF1361843C5FC00D11BFD /* TWIcon.png */ = {isa = PBXFileReference; lastKnownFileType = image.png; path = TWIcon.png; sourceTree = "<group>"; };
		0EBCF14F1843C61B00D11BFD /* TWIcon@2x.png */ = {isa = PBXFileReference; lastKnownFileType = image.png; path = "TWIcon@2x.png"; sourceTree = "<group>"; };
		0EBCF1501843C61B00D11BFD /* TWIcon2.png */ = {isa = PBXFileReference; lastKnownFileType = image.png; path = TWIcon2.png; sourceTree = "<group>"; };
		0EBCF1511843C61B00D11BFD /* TWIcon2@2x.png */ = {isa = PBXFileReference; lastKnownFileType = image.png; path = "TWIcon2@2x.png"; sourceTree = "<group>"; };
		0EBCF1521843C61B00D11BFD /* TWIcon3.png */ = {isa = PBXFileReference; lastKnownFileType = image.png; path = TWIcon3.png; sourceTree = "<group>"; };
		0EBCF1531843C61B00D11BFD /* TWIcon3@2x.png */ = {isa = PBXFileReference; lastKnownFileType = image.png; path = "TWIcon3@2x.png"; sourceTree = "<group>"; };
		0EBCF1541843C61B00D11BFD /* UserIcon.png */ = {isa = PBXFileReference; lastKnownFileType = image.png; path = UserIcon.png; sourceTree = "<group>"; };
		0EBCF1551843C61B00D11BFD /* UserIcon@2x.png */ = {isa = PBXFileReference; lastKnownFileType = image.png; path = "UserIcon@2x.png"; sourceTree = "<group>"; };
		0EBCF1561843C61B00D11BFD /* UserIcon2.png */ = {isa = PBXFileReference; lastKnownFileType = image.png; path = UserIcon2.png; sourceTree = "<group>"; };
		0EBCF1571843C61B00D11BFD /* UserIcon2@2x.png */ = {isa = PBXFileReference; lastKnownFileType = image.png; path = "UserIcon2@2x.png"; sourceTree = "<group>"; };
		0EBCF1581843C61B00D11BFD /* UserIconPressed.png */ = {isa = PBXFileReference; lastKnownFileType = image.png; path = UserIconPressed.png; sourceTree = "<group>"; };
		0EBCF1591843C61B00D11BFD /* UserIconPressed@2x.png */ = {isa = PBXFileReference; lastKnownFileType = image.png; path = "UserIconPressed@2x.png"; sourceTree = "<group>"; };
		0EBF867D1872B93600F2B49D /* unifiProfileViewController.h */ = {isa = PBXFileReference; fileEncoding = 4; lastKnownFileType = sourcecode.c.h; name = unifiProfileViewController.h; path = Navigator/unifiProfileViewController.h; sourceTree = "<group>"; };
		0EBF867E1872B93600F2B49D /* unifiProfileViewController.m */ = {isa = PBXFileReference; fileEncoding = 4; lastKnownFileType = sourcecode.c.objc; name = unifiProfileViewController.m; path = Navigator/unifiProfileViewController.m; sourceTree = "<group>"; };
		0ED0FED01844867900349D39 /* line.html */ = {isa = PBXFileReference; fileEncoding = 4; lastKnownFileType = text.html; path = line.html; sourceTree = "<group>"; };
		0ED0FED218448A7600349D39 /* unifiDashboardViewController.h */ = {isa = PBXFileReference; fileEncoding = 4; lastKnownFileType = sourcecode.c.h; path = unifiDashboardViewController.h; sourceTree = "<group>"; };
		0ED0FED318448A7600349D39 /* unifiDashboardViewController.m */ = {isa = PBXFileReference; fileEncoding = 4; lastKnownFileType = sourcecode.c.objc; path = unifiDashboardViewController.m; sourceTree = "<group>"; };
		0ED0FED51844AB4A00349D39 /* unifiGlobalVariable.h */ = {isa = PBXFileReference; fileEncoding = 4; lastKnownFileType = sourcecode.c.h; name = unifiGlobalVariable.h; path = Resource/unifiGlobalVariable.h; sourceTree = "<group>"; };
		0ED0FED61844AB4A00349D39 /* unifiGlobalVariable.m */ = {isa = PBXFileReference; fileEncoding = 4; lastKnownFileType = sourcecode.c.objc; name = unifiGlobalVariable.m; path = Resource/unifiGlobalVariable.m; sourceTree = "<group>"; };
		0ED0FEDA1845A17300349D39 /* MHTabBarSegue.h */ = {isa = PBXFileReference; fileEncoding = 4; lastKnownFileType = sourcecode.c.h; path = MHTabBarSegue.h; sourceTree = "<group>"; };
		0ED0FEDB1845A17300349D39 /* MHTabBarSegue.m */ = {isa = PBXFileReference; fileEncoding = 4; lastKnownFileType = sourcecode.c.objc; path = MHTabBarSegue.m; sourceTree = "<group>"; };
		0ED0FF3B18466AB600349D39 /* unifiGoogleNavigationController.h */ = {isa = PBXFileReference; fileEncoding = 4; lastKnownFileType = sourcecode.c.h; path = unifiGoogleNavigationController.h; sourceTree = "<group>"; };
		0ED0FF3C18466AB600349D39 /* unifiGoogleNavigationController.m */ = {isa = PBXFileReference; fileEncoding = 4; lastKnownFileType = sourcecode.c.objc; path = unifiGoogleNavigationController.m; sourceTree = "<group>"; };
		0ED0FF3F18466C1200349D39 /* unifiGoogleViewController.h */ = {isa = PBXFileReference; fileEncoding = 4; lastKnownFileType = sourcecode.c.h; path = unifiGoogleViewController.h; sourceTree = "<group>"; };
		0ED0FF4018466C1200349D39 /* unifiGoogleViewController.m */ = {isa = PBXFileReference; fileEncoding = 4; lastKnownFileType = sourcecode.c.objc; path = unifiGoogleViewController.m; sourceTree = "<group>"; };
		0EE2D00D185639C800409FBE /* SDWebImage.framework */ = {isa = PBXFileReference; lastKnownFileType = wrapper.framework; path = SDWebImage.framework; sourceTree = "<group>"; };
		0EE2D00F18563A0600409FBE /* ImageIO.framework */ = {isa = PBXFileReference; lastKnownFileType = wrapper.framework; name = ImageIO.framework; path = System/Library/Frameworks/ImageIO.framework; sourceTree = SDKROOT; };
		0EE341D8184C325A00C8814A /* unifiSettingViewController.h */ = {isa = PBXFileReference; fileEncoding = 4; lastKnownFileType = sourcecode.c.h; path = unifiSettingViewController.h; sourceTree = "<group>"; };
		0EE341D9184C325A00C8814A /* unifiSettingViewController.m */ = {isa = PBXFileReference; fileEncoding = 4; lastKnownFileType = sourcecode.c.objc; path = unifiSettingViewController.m; sourceTree = "<group>"; };
		0EE341DC184C7CA700C8814A /* unifiStatisticViewController.h */ = {isa = PBXFileReference; fileEncoding = 4; lastKnownFileType = sourcecode.c.h; name = unifiStatisticViewController.h; path = Navigator/unifiStatisticViewController.h; sourceTree = "<group>"; };
		0EE341DD184C7CA700C8814A /* unifiStatisticViewController.m */ = {isa = PBXFileReference; fileEncoding = 4; lastKnownFileType = sourcecode.c.objc; name = unifiStatisticViewController.m; path = Navigator/unifiStatisticViewController.m; sourceTree = "<group>"; };
		0EE7F2DC18617B0C00F9B7C1 /* UserIcon3.png */ = {isa = PBXFileReference; lastKnownFileType = image.png; path = UserIcon3.png; sourceTree = "<group>"; };
		0EE7F2DD18617B0C00F9B7C1 /* UserIcon3@2x.png */ = {isa = PBXFileReference; lastKnownFileType = image.png; path = "UserIcon3@2x.png"; sourceTree = "<group>"; };
		0EF176631856CF7700F5CCF5 /* unifiNavigationManagementViewController.h */ = {isa = PBXFileReference; fileEncoding = 4; lastKnownFileType = sourcecode.c.h; path = unifiNavigationManagementViewController.h; sourceTree = "<group>"; };
		0EF176641856CF7700F5CCF5 /* unifiNavigationManagementViewController.m */ = {isa = PBXFileReference; fileEncoding = 4; lastKnownFileType = sourcecode.c.objc; path = unifiNavigationManagementViewController.m; sourceTree = "<group>"; };
		0EF4E93A1854C04E0097FACB /* TransparentBG.png */ = {isa = PBXFileReference; lastKnownFileType = image.png; path = TransparentBG.png; sourceTree = "<group>"; };
		0EF4E93D1854C1360097FACB /* WhiteBG.png */ = {isa = PBXFileReference; lastKnownFileType = image.png; path = WhiteBG.png; sourceTree = "<group>"; };
		0EF4E9401854C22D0097FACB /* White2BG.png */ = {isa = PBXFileReference; lastKnownFileType = image.png; path = White2BG.png; sourceTree = "<group>"; };
		0EF4E9481854D4C10097FACB /* SettingIcon@2x.png */ = {isa = PBXFileReference; lastKnownFileType = image.png; path = "SettingIcon@2x.png"; sourceTree = "<group>"; };
		0EF4E9491854D4C10097FACB /* SettingIcon.png */ = {isa = PBXFileReference; lastKnownFileType = image.png; path = SettingIcon.png; sourceTree = "<group>"; };
		0EF4E94C1854D69A0097FACB /* DiagramIcon.png */ = {isa = PBXFileReference; lastKnownFileType = image.png; path = DiagramIcon.png; sourceTree = "<group>"; };
		0EF4E94D1854D69A0097FACB /* DiagramIcon@2x.png */ = {isa = PBXFileReference; lastKnownFileType = image.png; path = "DiagramIcon@2x.png"; sourceTree = "<group>"; };
		0EF4E9581854D9460097FACB /* DashboardIcon.png */ = {isa = PBXFileReference; lastKnownFileType = image.png; path = DashboardIcon.png; sourceTree = "<group>"; };
		0EF4E9591854D9460097FACB /* DashboardIcon@2x.png */ = {isa = PBXFileReference; lastKnownFileType = image.png; path = "DashboardIcon@2x.png"; sourceTree = "<group>"; };
		0EF4E95C1854FF3E0097FACB /* UITabBarController+unifiTabBarWithHide.h */ = {isa = PBXFileReference; fileEncoding = 4; lastKnownFileType = sourcecode.c.h; name = "UITabBarController+unifiTabBarWithHide.h"; path = "InterfaceBuilder/UITabBarController+unifiTabBarWithHide.h"; sourceTree = "<group>"; };
		0EF4E95D1854FF3E0097FACB /* UITabBarController+unifiTabBarWithHide.m */ = {isa = PBXFileReference; fileEncoding = 4; lastKnownFileType = sourcecode.c.objc; name = "UITabBarController+unifiTabBarWithHide.m"; path = "InterfaceBuilder/UITabBarController+unifiTabBarWithHide.m"; sourceTree = "<group>"; };
/* End PBXFileReference section */

/* Begin PBXFrameworksBuildPhase section */
		0E488D7E183C4FE4004FF995 /* Frameworks */ = {
			isa = PBXFrameworksBuildPhase;
			buildActionMask = 2147483647;
			files = (
				0EE2D01018563A0600409FBE /* ImageIO.framework in Frameworks */,
				0EE2D00E185639C800409FBE /* SDWebImage.framework in Frameworks */,
				0E488D87183C4FE4004FF995 /* CoreGraphics.framework in Frameworks */,
				0E488D89183C4FE4004FF995 /* UIKit.framework in Frameworks */,
				0E488D85183C4FE4004FF995 /* Foundation.framework in Frameworks */,
			);
			runOnlyForDeploymentPostprocessing = 0;
		};
		0E488DA2183C4FE5004FF995 /* Frameworks */ = {
			isa = PBXFrameworksBuildPhase;
			buildActionMask = 2147483647;
			files = (
				0E488DA7183C4FE5004FF995 /* XCTest.framework in Frameworks */,
				0E488DA9183C4FE5004FF995 /* UIKit.framework in Frameworks */,
				0E488DA8183C4FE5004FF995 /* Foundation.framework in Frameworks */,
			);
			runOnlyForDeploymentPostprocessing = 0;
		};
/* End PBXFrameworksBuildPhase section */

/* Begin PBXGroup section */
		0E1E4650183CE69300624634 /* Resource */ = {
			isa = PBXGroup;
			children = (
				0E1E4657183CE74000624634 /* unifiApiConnector.h */,
				0E1E4658183CE74000624634 /* unifiApiConnector.m */,
				0E1E465B183CEDC800624634 /* unifiApResource.h */,
				0E1E465C183CEDC800624634 /* unifiApResource.m */,
				0E55CDB218749A20005858CF /* unifiDeviceResource.h */,
				0E55CDB318749A20005858CF /* unifiDeviceResource.m */,
				0E66899D183DF1A400434A2F /* unifiUserResource.h */,
				0E66899E183DF1A400434A2F /* unifiUserResource.m */,
				0EB03D69184D0CCA00879698 /* unifiSystemResource.h */,
				0EB03D6A184D0CCA00879698 /* unifiSystemResource.m */,
				0E4FD690184732E8009383C6 /* unifiGoogleResource.h */,
				0E4FD691184732E8009383C6 /* unifiGoogleResource.m */,
				0ED0FED51844AB4A00349D39 /* unifiGlobalVariable.h */,
				0ED0FED61844AB4A00349D39 /* unifiGlobalVariable.m */,
			);
			name = Resource;
			sourceTree = "<group>";
		};
		0E1E465A183CE75600624634 /* Icon */ = {
			isa = PBXGroup;
			children = (
				0EADF910187457D100480598 /* DeviceIcon.png */,
				0EADF911187457D100480598 /* DeviceIcon@2x.png */,
				0EE7F2DC18617B0C00F9B7C1 /* UserIcon3.png */,
				0EE7F2DD18617B0C00F9B7C1 /* UserIcon3@2x.png */,
				0EB9E9C5185C9890002FB1B3 /* HoursIcon.png */,
				0EB9E9C6185C9890002FB1B3 /* HoursIcon@2x.png */,
				0EB9E9C7185C9890002FB1B3 /* HoursIconPressed.png */,
				0EB9E9C8185C9890002FB1B3 /* HoursIconPressed@2x.png */,
				0EB9E9BD185C970B002FB1B3 /* DateIcon.png */,
				0EB9E9BE185C970B002FB1B3 /* DateIcon@2x.png */,
				0EB9E9BF185C970B002FB1B3 /* DateIconPressed@2x.png */,
				0EB9E9C0185C970B002FB1B3 /* DateIconPressed.png */,
				0E2032C4185706D100D949E4 /* BackwardIcon.png */,
				0E2032C5185706D100D949E4 /* BackwardIcon@2x.png */,
				0E2032C6185706D100D949E4 /* BackwardIconPressed.png */,
				0E2032C7185706D100D949E4 /* BackwardIconPressed@2x.png */,
				0E2032BC185702EA00D949E4 /* HomeIcon.png */,
				0E2032BD185702EA00D949E4 /* HomeIcon@2x.png */,
				0E2032C01857045200D949E4 /* HomeIconPressed.png */,
				0E2032C11857045200D949E4 /* HomeIconPressed@2x.png */,
				0EF4E9581854D9460097FACB /* DashboardIcon.png */,
				0EF4E9591854D9460097FACB /* DashboardIcon@2x.png */,
				0EF4E94C1854D69A0097FACB /* DiagramIcon.png */,
				0EF4E94D1854D69A0097FACB /* DiagramIcon@2x.png */,
				0EF4E9481854D4C10097FACB /* SettingIcon@2x.png */,
				0EF4E9491854D4C10097FACB /* SettingIcon.png */,
				0EBCF14F1843C61B00D11BFD /* TWIcon@2x.png */,
				0EBCF1501843C61B00D11BFD /* TWIcon2.png */,
				0EBCF1511843C61B00D11BFD /* TWIcon2@2x.png */,
				0EBCF1521843C61B00D11BFD /* TWIcon3.png */,
				0EBCF1531843C61B00D11BFD /* TWIcon3@2x.png */,
				0EBCF1541843C61B00D11BFD /* UserIcon.png */,
				0EBCF1551843C61B00D11BFD /* UserIcon@2x.png */,
				0EBCF1561843C61B00D11BFD /* UserIcon2.png */,
				0EBCF1571843C61B00D11BFD /* UserIcon2@2x.png */,
				0EBCF1581843C61B00D11BFD /* UserIconPressed.png */,
				0EBCF1591843C61B00D11BFD /* UserIconPressed@2x.png */,
				0EBCF11F1843C5FC00D11BFD /* APIcon.png */,
				0EBCF1201843C5FC00D11BFD /* APIcon@2x.png */,
				0EBCF1211843C5FC00D11BFD /* APIcon2.png */,
				0EBCF1221843C5FC00D11BFD /* APIcon2@2x.png */,
				0EBCF1231843C5FC00D11BFD /* APIconPressed.png */,
				0EBCF1241843C5FC00D11BFD /* APIconPressed@2x.png */,
				0EBCF1251843C5FC00D11BFD /* LineIcon.png */,
				0EBCF1261843C5FC00D11BFD /* LineIcon@2x.png */,
				0EBCF1271843C5FC00D11BFD /* LineIconPressed.png */,
				0EBCF1281843C5FC00D11BFD /* LineIconPressed@2x.png */,
				0EBCF1291843C5FC00D11BFD /* Logo.png */,
				0EBCF12A1843C5FC00D11BFD /* NotificationIcon.png */,
				0EBCF12B1843C5FC00D11BFD /* NotificationIcon@2x.png */,
				0EBCF12C1843C5FC00D11BFD /* NotificationIconPressed.png */,
				0EBCF12D1843C5FC00D11BFD /* NotificationIconPressed@2x.png */,
				0EBCF12E1843C5FC00D11BFD /* OverviewBG.png */,
				0EBCF12F1843C5FC00D11BFD /* OverviewBG@2x.png */,
				0EBCF1301843C5FC00D11BFD /* PieIcon.png */,
				0EBCF1311843C5FC00D11BFD /* PieIcon@2x.png */,
				0EBCF1321843C5FC00D11BFD /* PieIconPressed.png */,
				0EBCF1331843C5FC00D11BFD /* PieIconPressed@2x.png */,
				0EBCF1341843C5FC00D11BFD /* TreeIcon.png */,
				0EBCF1351843C5FC00D11BFD /* TreeIcon@2x.png */,
				0EBCF1361843C5FC00D11BFD /* TWIcon.png */,
			);
			name = Icon;
			sourceTree = "<group>";
		};
		0E488D78183C4FE4004FF995 = {
			isa = PBXGroup;
			children = (
				0E488D8A183C4FE4004FF995 /* UnifiManagement */,
				0E488DAC183C4FE5004FF995 /* UnifiManagementTests */,
				0E488D82183C4FE4004FF995 /* Products */,
				0E488D83183C4FE4004FF995 /* Frameworks */,
			);
			sourceTree = "<group>";
		};
		0E488D82183C4FE4004FF995 /* Products */ = {
			isa = PBXGroup;
			children = (
				0E488D81183C4FE4004FF995 /* UnifiManagement.app */,
				0E488DA5183C4FE5004FF995 /* UnifiManagementTests.xctest */,
			);
			name = Products;
			sourceTree = "<group>";
		};
		0E488D83183C4FE4004FF995 /* Frameworks */ = {
			isa = PBXGroup;
			children = (
				0EE2D00F18563A0600409FBE /* ImageIO.framework */,
				0EE2D00D185639C800409FBE /* SDWebImage.framework */,
				0E488D84183C4FE4004FF995 /* Foundation.framework */,
				0E488D86183C4FE4004FF995 /* CoreGraphics.framework */,
				0E488D88183C4FE4004FF995 /* UIKit.framework */,
				0E488DA6183C4FE5004FF995 /* XCTest.framework */,
			);
			name = Frameworks;
			sourceTree = "<group>";
		};
		0E488D8A183C4FE4004FF995 /* UnifiManagement */ = {
			isa = PBXGroup;
			children = (
				0ED0FF3E18466AC300349D39 /* Google */,
				0E1E4650183CE69300624634 /* Resource */,
				0E86AC22183CAA6E001FB78B /* InterfaceBuilder */,
				0EE341DB184C7C5B00C8814A /* NavigationManagement */,
				0E488D96183C4FE4004FF995 /* Main_iPhone.storyboard */,
				0E488D99183C4FE4004FF995 /* Main_iPad.storyboard */,
				0E488D93183C4FE4004FF995 /* unifiAppDelegate.h */,
				0E488D94183C4FE4004FF995 /* unifiAppDelegate.m */,
				0E4FD6931847BA30009383C6 /* unifiTabViewController.h */,
				0E4FD6941847BA30009383C6 /* unifiTabViewController.m */,
				0EF176631856CF7700F5CCF5 /* unifiNavigationManagementViewController.h */,
				0EF176641856CF7700F5CCF5 /* unifiNavigationManagementViewController.m */,
				0ED0FED218448A7600349D39 /* unifiDashboardViewController.h */,
				0ED0FED318448A7600349D39 /* unifiDashboardViewController.m */,
				0EE341D8184C325A00C8814A /* unifiSettingViewController.h */,
				0EE341D9184C325A00C8814A /* unifiSettingViewController.m */,
				0EF4E95F185501D30097FACB /* Deprecated */,
				0E488D9F183C4FE5004FF995 /* Images.xcassets */,
				0E488D8B183C4FE4004FF995 /* Supporting Files */,
			);
			path = UnifiManagement;
			sourceTree = "<group>";
		};
		0E488D8B183C4FE4004FF995 /* Supporting Files */ = {
			isa = PBXGroup;
			children = (
				0E55CDB018748A18005858CF /* profile.jpg */,
				0EADF90E1874510700480598 /* profile.png */,
				0E836371184C807C0009D786 /* Chart */,
				0E1E465A183CE75600624634 /* Icon */,
				0EAC5BAB1860E36100FCC28B /* BlackBG.png */,
				0EAC5BAD1860E9D600FCC28B /* BlackBG2.png */,
				0EF4E9401854C22D0097FACB /* White2BG.png */,
				0EF4E93D1854C1360097FACB /* WhiteBG.png */,
				0EF4E93A1854C04E0097FACB /* TransparentBG.png */,
				0E488D8C183C4FE4004FF995 /* UnifiManagement-Info.plist */,
				0E488D8D183C4FE4004FF995 /* InfoPlist.strings */,
				0E488D90183C4FE4004FF995 /* main.m */,
				0E488D92183C4FE4004FF995 /* UnifiManagement-Prefix.pch */,
			);
			name = "Supporting Files";
			sourceTree = "<group>";
		};
		0E488DAC183C4FE5004FF995 /* UnifiManagementTests */ = {
			isa = PBXGroup;
			children = (
				0E488DB2183C4FE5004FF995 /* UnifiManagementTests.m */,
				0E488DAD183C4FE5004FF995 /* Supporting Files */,
			);
			path = UnifiManagementTests;
			sourceTree = "<group>";
		};
		0E488DAD183C4FE5004FF995 /* Supporting Files */ = {
			isa = PBXGroup;
			children = (
				0E488DAE183C4FE5004FF995 /* UnifiManagementTests-Info.plist */,
				0E488DAF183C4FE5004FF995 /* InfoPlist.strings */,
			);
			name = "Supporting Files";
			sourceTree = "<group>";
		};
		0E836371184C807C0009D786 /* Chart */ = {
			isa = PBXGroup;
			children = (
				0E83637A184CBCD70009D786 /* js */,
				0ED0FED01844867900349D39 /* line.html */,
			);
			name = Chart;
			sourceTree = "<group>";
		};
		0E83637A184CBCD70009D786 /* js */ = {
			isa = PBXGroup;
			children = (
				0E2032CC185794AF00D949E4 /* jquery.mobile-1.3.2.min.js */,
				0E836372184CBCCE0009D786 /* dx.chartjs.js */,
				0E836373184CBCCE0009D786 /* globalize.min.js */,
				0E836374184CBCCE0009D786 /* jquery-1.9.1.min.js */,
				0E836375184CBCCE0009D786 /* knockout-2.2.1.js */,
			);
			name = js;
			sourceTree = "<group>";
		};
		0E86AC22183CAA6E001FB78B /* InterfaceBuilder */ = {
			isa = PBXGroup;
			children = (
				0EB9E9CD185E162C002FB1B3 /* DejalActivityView.h */,
				0EB9E9CE185E162C002FB1B3 /* DejalActivityView.m */,
				0EBCF1101843763400D11BFD /* TJSpinner.h */,
				0EBCF1111843763400D11BFD /* TJSpinner.m */,
				0EBCF0CA1842FB2200D11BFD /* unifiMenuButton.h */,
				0EBCF0CB1842FB2200D11BFD /* unifiMenuButton.m */,
				0EF4E95C1854FF3E0097FACB /* UITabBarController+unifiTabBarWithHide.h */,
				0EF4E95D1854FF3E0097FACB /* UITabBarController+unifiTabBarWithHide.m */,
				0EB9E9D0185EC7A7002FB1B3 /* unifiUITapGestureRecognizer.h */,
				0EB9E9D1185EC7A7002FB1B3 /* unifiUITapGestureRecognizer.m */,
				0E55CDAD1874868A005858CF /* unifiTableViewCell.h */,
				0E55CDAE1874868A005858CF /* unifiTableViewCell.m */,
			);
			name = InterfaceBuilder;
			sourceTree = "<group>";
		};
		0ED0FF3E18466AC300349D39 /* Google */ = {
			isa = PBXGroup;
			children = (
				0ED0FF3B18466AB600349D39 /* unifiGoogleNavigationController.h */,
				0ED0FF3C18466AB600349D39 /* unifiGoogleNavigationController.m */,
				0ED0FF3F18466C1200349D39 /* unifiGoogleViewController.h */,
				0ED0FF4018466C1200349D39 /* unifiGoogleViewController.m */,
			);
			name = Google;
			sourceTree = "<group>";
		};
		0EE341DB184C7C5B00C8814A /* NavigationManagement */ = {
			isa = PBXGroup;
			children = (
				0EE341DC184C7CA700C8814A /* unifiStatisticViewController.h */,
				0EE341DD184C7CA700C8814A /* unifiStatisticViewController.m */,
				0E17314D185F1309004CD0A1 /* unifiUserViewController.h */,
				0E17314E185F1309004CD0A1 /* unifiUserViewController.m */,
				0EBF867D1872B93600F2B49D /* unifiProfileViewController.h */,
				0EBF867E1872B93600F2B49D /* unifiProfileViewController.m */,
			);
			name = NavigationManagement;
			sourceTree = "<group>";
		};
		0EF4E95F185501D30097FACB /* Deprecated */ = {
			isa = PBXGroup;
			children = (
				0EBCF10D184344FF00D11BFD /* unifiSplashViewController.h */,
				0EBCF10E184344FF00D11BFD /* unifiSplashViewController.m */,
				0ED0FEDA1845A17300349D39 /* MHTabBarSegue.h */,
				0ED0FEDB1845A17300349D39 /* MHTabBarSegue.m */,
				0E488D9C183C4FE4004FF995 /* unifiViewController.h */,
				0E488D9D183C4FE5004FF995 /* unifiViewController.m */,
			);
			name = Deprecated;
			sourceTree = "<group>";
		};
/* End PBXGroup section */

/* Begin PBXNativeTarget section */
		0E488D80183C4FE4004FF995 /* UnifiManagement */ = {
			isa = PBXNativeTarget;
			buildConfigurationList = 0E488DB6183C4FE5004FF995 /* Build configuration list for PBXNativeTarget "UnifiManagement" */;
			buildPhases = (
				0E488D7D183C4FE4004FF995 /* Sources */,
				0E488D7E183C4FE4004FF995 /* Frameworks */,
				0E488D7F183C4FE4004FF995 /* Resources */,
			);
			buildRules = (
			);
			dependencies = (
			);
			name = UnifiManagement;
			productName = UnifiManagement;
			productReference = 0E488D81183C4FE4004FF995 /* UnifiManagement.app */;
			productType = "com.apple.product-type.application";
		};
		0E488DA4183C4FE5004FF995 /* UnifiManagementTests */ = {
			isa = PBXNativeTarget;
			buildConfigurationList = 0E488DB9183C4FE5004FF995 /* Build configuration list for PBXNativeTarget "UnifiManagementTests" */;
			buildPhases = (
				0E488DA1183C4FE5004FF995 /* Sources */,
				0E488DA2183C4FE5004FF995 /* Frameworks */,
				0E488DA3183C4FE5004FF995 /* Resources */,
			);
			buildRules = (
			);
			dependencies = (
				0E488DAB183C4FE5004FF995 /* PBXTargetDependency */,
			);
			name = UnifiManagementTests;
			productName = UnifiManagementTests;
			productReference = 0E488DA5183C4FE5004FF995 /* UnifiManagementTests.xctest */;
			productType = "com.apple.product-type.bundle.unit-test";
		};
/* End PBXNativeTarget section */

/* Begin PBXProject section */
		0E488D79183C4FE4004FF995 /* Project object */ = {
			isa = PBXProject;
			attributes = {
				CLASSPREFIX = unifi;
				LastUpgradeCheck = 0500;
				ORGANIZATIONNAME = KMUTNB;
				TargetAttributes = {
					0E488D80183C4FE4004FF995 = {
						DevelopmentTeam = DPE7FZ533J;
					};
					0E488DA4183C4FE5004FF995 = {
						TestTargetID = 0E488D80183C4FE4004FF995;
					};
				};
			};
			buildConfigurationList = 0E488D7C183C4FE4004FF995 /* Build configuration list for PBXProject "UnifiManagement" */;
			compatibilityVersion = "Xcode 3.2";
			developmentRegion = English;
			hasScannedForEncodings = 0;
			knownRegions = (
				en,
				Base,
			);
			mainGroup = 0E488D78183C4FE4004FF995;
			productRefGroup = 0E488D82183C4FE4004FF995 /* Products */;
			projectDirPath = "";
			projectRoot = "";
			targets = (
				0E488D80183C4FE4004FF995 /* UnifiManagement */,
				0E488DA4183C4FE5004FF995 /* UnifiManagementTests */,
			);
		};
/* End PBXProject section */

/* Begin PBXResourcesBuildPhase section */
		0E488D7F183C4FE4004FF995 /* Resources */ = {
			isa = PBXResourcesBuildPhase;
			buildActionMask = 2147483647;
			files = (
				0E836379184CBCCE0009D786 /* knockout-2.2.1.js in Resources */,
				0E836377184CBCCE0009D786 /* globalize.min.js in Resources */,
				0E836376184CBCCE0009D786 /* dx.chartjs.js in Resources */,
				0E836378184CBCCE0009D786 /* jquery-1.9.1.min.js in Resources */,
				0E2032CD185794AF00D949E4 /* jquery.mobile-1.3.2.min.js in Resources */,
				0EBCF1631843C61B00D11BFD /* UserIconPressed.png in Resources */,
				0EB9E9C1185C970B002FB1B3 /* DateIcon.png in Resources */,
				0EBCF1401843C5FC00D11BFD /* LineIconPressed@2x.png in Resources */,
				0EBCF15F1843C61B00D11BFD /* UserIcon.png in Resources */,
				0EBCF1641843C61B00D11BFD /* UserIconPressed@2x.png in Resources */,
				0E2032C21857045200D949E4 /* HomeIconPressed.png in Resources */,
				0EBCF15A1843C61B00D11BFD /* TWIcon@2x.png in Resources */,
				0EF4E93F1854C1360097FACB /* WhiteBG.png in Resources */,
				0ED0FED11844867900349D39 /* line.html in Resources */,
				0EADF912187457D100480598 /* DeviceIcon.png in Resources */,
				0EBCF14D1843C5FC00D11BFD /* TreeIcon@2x.png in Resources */,
				0EF4E95A1854D9460097FACB /* DashboardIcon.png in Resources */,
				0EB9E9CA185C9890002FB1B3 /* HoursIcon@2x.png in Resources */,
				0EBCF1381843C5FC00D11BFD /* APIcon@2x.png in Resources */,
				0EBCF15E1843C61B00D11BFD /* TWIcon3@2x.png in Resources */,
				0EBCF14B1843C5FC00D11BFD /* PieIconPressed@2x.png in Resources */,
				0EBCF15D1843C61B00D11BFD /* TWIcon3.png in Resources */,
				0EBCF14A1843C5FC00D11BFD /* PieIconPressed.png in Resources */,
				0EADF90F1874510700480598 /* profile.png in Resources */,
				0E2032BE185702EA00D949E4 /* HomeIcon.png in Resources */,
				0EF4E94A1854D4C10097FACB /* SettingIcon@2x.png in Resources */,
				0E488D9B183C4FE4004FF995 /* Main_iPad.storyboard in Resources */,
				0EBCF13D1843C5FC00D11BFD /* LineIcon.png in Resources */,
				0E2032CA185706D100D949E4 /* BackwardIconPressed.png in Resources */,
				0EBCF1441843C5FC00D11BFD /* NotificationIconPressed.png in Resources */,
				0EBCF1461843C5FC00D11BFD /* OverviewBG.png in Resources */,
				0EBCF1391843C5FC00D11BFD /* APIcon2.png in Resources */,
				0E55CDB118748A18005858CF /* profile.jpg in Resources */,
				0EE7F2DF18617B0C00F9B7C1 /* UserIcon3@2x.png in Resources */,
				0EE7F2DE18617B0C00F9B7C1 /* UserIcon3.png in Resources */,
				0EBCF1611843C61B00D11BFD /* UserIcon2.png in Resources */,
				0E2032CB185706D100D949E4 /* BackwardIconPressed@2x.png in Resources */,
				0E2032C9185706D100D949E4 /* BackwardIcon@2x.png in Resources */,
				0EF4E95B1854D9460097FACB /* DashboardIcon@2x.png in Resources */,
				0EF4E94F1854D69A0097FACB /* DiagramIcon@2x.png in Resources */,
				0EBCF1481843C5FC00D11BFD /* PieIcon.png in Resources */,
				0E2032C8185706D100D949E4 /* BackwardIcon.png in Resources */,
				0E2032BF185702EA00D949E4 /* HomeIcon@2x.png in Resources */,
				0EAC5BAC1860E36100FCC28B /* BlackBG.png in Resources */,
				0EAC5BAE1860E9D600FCC28B /* BlackBG2.png in Resources */,
				0E488DA0183C4FE5004FF995 /* Images.xcassets in Resources */,
				0E488D98183C4FE4004FF995 /* Main_iPhone.storyboard in Resources */,
				0EBCF14E1843C5FC00D11BFD /* TWIcon.png in Resources */,
				0E2032C31857045300D949E4 /* HomeIconPressed@2x.png in Resources */,
				0EBCF1421843C5FC00D11BFD /* NotificationIcon.png in Resources */,
				0EF4E9411854C22D0097FACB /* White2BG.png in Resources */,
				0EF4E94B1854D4C10097FACB /* SettingIcon.png in Resources */,
				0EBCF13C1843C5FC00D11BFD /* APIconPressed@2x.png in Resources */,
				0EBCF1621843C61B00D11BFD /* UserIcon2@2x.png in Resources */,
				0EBCF1371843C5FC00D11BFD /* APIcon.png in Resources */,
				0EBCF15B1843C61B00D11BFD /* TWIcon2.png in Resources */,
				0EADF913187457D100480598 /* DeviceIcon@2x.png in Resources */,
				0E488D8F183C4FE4004FF995 /* InfoPlist.strings in Resources */,
				0EB9E9C2185C970B002FB1B3 /* DateIcon@2x.png in Resources */,
				0EBCF13E1843C5FC00D11BFD /* LineIcon@2x.png in Resources */,
				0EB9E9CC185C9890002FB1B3 /* HoursIconPressed@2x.png in Resources */,
				0EB9E9CB185C9890002FB1B3 /* HoursIconPressed.png in Resources */,
				0EB9E9C3185C970B002FB1B3 /* DateIconPressed@2x.png in Resources */,
				0EBCF1451843C5FC00D11BFD /* NotificationIconPressed@2x.png in Resources */,
				0EF4E93B1854C04E0097FACB /* TransparentBG.png in Resources */,
				0EBCF1471843C5FC00D11BFD /* OverviewBG@2x.png in Resources */,
				0EF4E94E1854D69A0097FACB /* DiagramIcon.png in Resources */,
				0EBCF13F1843C5FC00D11BFD /* LineIconPressed.png in Resources */,
				0EBCF1491843C5FC00D11BFD /* PieIcon@2x.png in Resources */,
				0EB9E9C4185C970B002FB1B3 /* DateIconPressed.png in Resources */,
				0EBCF1601843C61B00D11BFD /* UserIcon@2x.png in Resources */,
				0EBCF1411843C5FC00D11BFD /* Logo.png in Resources */,
				0EB9E9C9185C9890002FB1B3 /* HoursIcon.png in Resources */,
				0EBCF14C1843C5FC00D11BFD /* TreeIcon.png in Resources */,
				0EBCF1431843C5FC00D11BFD /* NotificationIcon@2x.png in Resources */,
				0EBCF13B1843C5FC00D11BFD /* APIconPressed.png in Resources */,
				0EBCF15C1843C61B00D11BFD /* TWIcon2@2x.png in Resources */,
				0EBCF13A1843C5FC00D11BFD /* APIcon2@2x.png in Resources */,
			);
			runOnlyForDeploymentPostprocessing = 0;
		};
		0E488DA3183C4FE5004FF995 /* Resources */ = {
			isa = PBXResourcesBuildPhase;
			buildActionMask = 2147483647;
			files = (
				0E488DB1183C4FE5004FF995 /* InfoPlist.strings in Resources */,
			);
			runOnlyForDeploymentPostprocessing = 0;
		};
/* End PBXResourcesBuildPhase section */

/* Begin PBXSourcesBuildPhase section */
		0E488D7D183C4FE4004FF995 /* Sources */ = {
			isa = PBXSourcesBuildPhase;
			buildActionMask = 2147483647;
			files = (
				0E488D9E183C4FE5004FF995 /* unifiViewController.m in Sources */,
				0EE341DA184C325A00C8814A /* unifiSettingViewController.m in Sources */,
				0ED0FEDD1845A17300349D39 /* MHTabBarSegue.m in Sources */,
				0ED0FED418448A7600349D39 /* unifiDashboardViewController.m in Sources */,
				0ED0FF3D18466AB600349D39 /* unifiGoogleNavigationController.m in Sources */,
				0E55CDAF1874868A005858CF /* unifiTableViewCell.m in Sources */,
				0E55CDB418749A20005858CF /* unifiDeviceResource.m in Sources */,
				0EF4E95E1854FF3E0097FACB /* UITabBarController+unifiTabBarWithHide.m in Sources */,
				0E4FD6951847BA30009383C6 /* unifiTabViewController.m in Sources */,
				0EBCF10F184344FF00D11BFD /* unifiSplashViewController.m in Sources */,
				0EB03D6B184D0CCA00879698 /* unifiSystemResource.m in Sources */,
				0E488D95183C4FE4004FF995 /* unifiAppDelegate.m in Sources */,
				0EB9E9CF185E162C002FB1B3 /* DejalActivityView.m in Sources */,
				0E66899F183DF1A400434A2F /* unifiUserResource.m in Sources */,
				0E1E4659183CE74000624634 /* unifiApiConnector.m in Sources */,
				0E488D91183C4FE4004FF995 /* main.m in Sources */,
				0ED0FF4118466C1200349D39 /* unifiGoogleViewController.m in Sources */,
				0E1E465D183CEDC800624634 /* unifiApResource.m in Sources */,
				0EBF867F1872B93600F2B49D /* unifiProfileViewController.m in Sources */,
				0ED0FED71844AB4A00349D39 /* unifiGlobalVariable.m in Sources */,
				0EB9E9D2185EC7A7002FB1B3 /* unifiUITapGestureRecognizer.m in Sources */,
				0E4FD692184732E8009383C6 /* unifiGoogleResource.m in Sources */,
				0EE341DE184C7CA700C8814A /* unifiStatisticViewController.m in Sources */,
				0EBCF1121843763400D11BFD /* TJSpinner.m in Sources */,
				0EAC5BA81860881100FCC28B /* unifiUserViewController.m in Sources */,
				0EBCF0CC1842FB2200D11BFD /* unifiMenuButton.m in Sources */,
				0EF176651856CF7700F5CCF5 /* unifiNavigationManagementViewController.m in Sources */,
			);
			runOnlyForDeploymentPostprocessing = 0;
		};
		0E488DA1183C4FE5004FF995 /* Sources */ = {
			isa = PBXSourcesBuildPhase;
			buildActionMask = 2147483647;
			files = (
				0E488DB3183C4FE5004FF995 /* UnifiManagementTests.m in Sources */,
			);
			runOnlyForDeploymentPostprocessing = 0;
		};
/* End PBXSourcesBuildPhase section */

/* Begin PBXTargetDependency section */
		0E488DAB183C4FE5004FF995 /* PBXTargetDependency */ = {
			isa = PBXTargetDependency;
			target = 0E488D80183C4FE4004FF995 /* UnifiManagement */;
			targetProxy = 0E488DAA183C4FE5004FF995 /* PBXContainerItemProxy */;
		};
/* End PBXTargetDependency section */

/* Begin PBXVariantGroup section */
		0E488D8D183C4FE4004FF995 /* InfoPlist.strings */ = {
			isa = PBXVariantGroup;
			children = (
				0E488D8E183C4FE4004FF995 /* en */,
			);
			name = InfoPlist.strings;
			sourceTree = "<group>";
		};
		0E488D96183C4FE4004FF995 /* Main_iPhone.storyboard */ = {
			isa = PBXVariantGroup;
			children = (
				0E488D97183C4FE4004FF995 /* Base */,
			);
			name = Main_iPhone.storyboard;
			sourceTree = "<group>";
		};
		0E488D99183C4FE4004FF995 /* Main_iPad.storyboard */ = {
			isa = PBXVariantGroup;
			children = (
				0E488D9A183C4FE4004FF995 /* Base */,
			);
			name = Main_iPad.storyboard;
			sourceTree = "<group>";
		};
		0E488DAF183C4FE5004FF995 /* InfoPlist.strings */ = {
			isa = PBXVariantGroup;
			children = (
				0E488DB0183C4FE5004FF995 /* en */,
			);
			name = InfoPlist.strings;
			sourceTree = "<group>";
		};
/* End PBXVariantGroup section */

/* Begin XCBuildConfiguration section */
		0E488DB4183C4FE5004FF995 /* Debug */ = {
			isa = XCBuildConfiguration;
			buildSettings = {
				ALWAYS_SEARCH_USER_PATHS = NO;
				ARCHS = "$(ARCHS_STANDARD_INCLUDING_64_BIT)";
				CLANG_CXX_LANGUAGE_STANDARD = "gnu++0x";
				CLANG_CXX_LIBRARY = "libc++";
				CLANG_ENABLE_MODULES = YES;
				CLANG_ENABLE_OBJC_ARC = YES;
				CLANG_WARN_BOOL_CONVERSION = YES;
				CLANG_WARN_CONSTANT_CONVERSION = YES;
				CLANG_WARN_DIRECT_OBJC_ISA_USAGE = YES_ERROR;
				CLANG_WARN_EMPTY_BODY = YES;
				CLANG_WARN_ENUM_CONVERSION = YES;
				CLANG_WARN_INT_CONVERSION = YES;
				CLANG_WARN_OBJC_ROOT_CLASS = YES_ERROR;
				CLANG_WARN__DUPLICATE_METHOD_MATCH = YES;
				"CODE_SIGN_IDENTITY[sdk=iphoneos*]" = "iPhone Developer";
				COPY_PHASE_STRIP = NO;
				GCC_C_LANGUAGE_STANDARD = gnu99;
				GCC_DYNAMIC_NO_PIC = NO;
				GCC_OPTIMIZATION_LEVEL = 0;
				GCC_PREPROCESSOR_DEFINITIONS = (
					"DEBUG=1",
					"$(inherited)",
				);
				GCC_SYMBOLS_PRIVATE_EXTERN = NO;
				GCC_WARN_64_TO_32_BIT_CONVERSION = YES;
				GCC_WARN_ABOUT_RETURN_TYPE = YES_ERROR;
				GCC_WARN_UNDECLARED_SELECTOR = YES;
				GCC_WARN_UNINITIALIZED_AUTOS = YES;
				GCC_WARN_UNUSED_FUNCTION = YES;
				GCC_WARN_UNUSED_VARIABLE = YES;
				IPHONEOS_DEPLOYMENT_TARGET = 7.0;
				ONLY_ACTIVE_ARCH = YES;
				SDKROOT = iphoneos;
				TARGETED_DEVICE_FAMILY = "1,2";
			};
			name = Debug;
		};
		0E488DB5183C4FE5004FF995 /* Release */ = {
			isa = XCBuildConfiguration;
			buildSettings = {
				ALWAYS_SEARCH_USER_PATHS = NO;
				ARCHS = "$(ARCHS_STANDARD_INCLUDING_64_BIT)";
				CLANG_CXX_LANGUAGE_STANDARD = "gnu++0x";
				CLANG_CXX_LIBRARY = "libc++";
				CLANG_ENABLE_MODULES = YES;
				CLANG_ENABLE_OBJC_ARC = YES;
				CLANG_WARN_BOOL_CONVERSION = YES;
				CLANG_WARN_CONSTANT_CONVERSION = YES;
				CLANG_WARN_DIRECT_OBJC_ISA_USAGE = YES_ERROR;
				CLANG_WARN_EMPTY_BODY = YES;
				CLANG_WARN_ENUM_CONVERSION = YES;
				CLANG_WARN_INT_CONVERSION = YES;
				CLANG_WARN_OBJC_ROOT_CLASS = YES_ERROR;
				CLANG_WARN__DUPLICATE_METHOD_MATCH = YES;
				"CODE_SIGN_IDENTITY[sdk=iphoneos*]" = "iPhone Developer";
				COPY_PHASE_STRIP = YES;
				ENABLE_NS_ASSERTIONS = NO;
				GCC_C_LANGUAGE_STANDARD = gnu99;
				GCC_WARN_64_TO_32_BIT_CONVERSION = YES;
				GCC_WARN_ABOUT_RETURN_TYPE = YES_ERROR;
				GCC_WARN_UNDECLARED_SELECTOR = YES;
				GCC_WARN_UNINITIALIZED_AUTOS = YES;
				GCC_WARN_UNUSED_FUNCTION = YES;
				GCC_WARN_UNUSED_VARIABLE = YES;
				IPHONEOS_DEPLOYMENT_TARGET = 7.0;
				SDKROOT = iphoneos;
				TARGETED_DEVICE_FAMILY = "1,2";
				VALIDATE_PRODUCT = YES;
			};
			name = Release;
		};
		0E488DB7183C4FE5004FF995 /* Debug */ = {
			isa = XCBuildConfiguration;
			buildSettings = {
				ASSETCATALOG_COMPILER_APPICON_NAME = AppIcon;
				ASSETCATALOG_COMPILER_LAUNCHIMAGE_NAME = LaunchImage;
				CODE_SIGN_IDENTITY = "iPhone Developer";
				"CODE_SIGN_IDENTITY[sdk=iphoneos*]" = "iPhone Developer";
				FRAMEWORK_SEARCH_PATHS = (
					"$(inherited)",
					"/Users/boshido/Desktop/Git/unifi-management/xcode/UnifiManagement",
				);
				GCC_PRECOMPILE_PREFIX_HEADER = YES;
				GCC_PREFIX_HEADER = "UnifiManagement/UnifiManagement-Prefix.pch";
				INFOPLIST_FILE = "UnifiManagement/UnifiManagement-Info.plist";
				IPHONEOS_DEPLOYMENT_TARGET = 6.1;
				OTHER_LDFLAGS = "-ObjC";
				PRODUCT_NAME = "$(TARGET_NAME)";
				PROVISIONING_PROFILE = "";
				TARGETED_DEVICE_FAMILY = 1;
				WRAPPER_EXTENSION = app;
			};
			name = Debug;
		};
		0E488DB8183C4FE5004FF995 /* Release */ = {
			isa = XCBuildConfiguration;
			buildSettings = {
				ASSETCATALOG_COMPILER_APPICON_NAME = AppIcon;
				ASSETCATALOG_COMPILER_LAUNCHIMAGE_NAME = LaunchImage;
				CODE_SIGN_IDENTITY = "iPhone Developer";
				"CODE_SIGN_IDENTITY[sdk=iphoneos*]" = "iPhone Developer";
				FRAMEWORK_SEARCH_PATHS = (
					"$(inherited)",
					"/Users/boshido/Desktop/Git/unifi-management/xcode/UnifiManagement",
				);
				GCC_PRECOMPILE_PREFIX_HEADER = YES;
				GCC_PREFIX_HEADER = "UnifiManagement/UnifiManagement-Prefix.pch";
				INFOPLIST_FILE = "UnifiManagement/UnifiManagement-Info.plist";
				IPHONEOS_DEPLOYMENT_TARGET = 6.1;
				OTHER_LDFLAGS = "-ObjC";
				PRODUCT_NAME = "$(TARGET_NAME)";
				PROVISIONING_PROFILE = "";
				TARGETED_DEVICE_FAMILY = 1;
				WRAPPER_EXTENSION = app;
			};
			name = Release;
		};
		0E488DBA183C4FE5004FF995 /* Debug */ = {
			isa = XCBuildConfiguration;
			buildSettings = {
				ARCHS = "$(ARCHS_STANDARD_INCLUDING_64_BIT)";
				BUNDLE_LOADER = "$(BUILT_PRODUCTS_DIR)/UnifiManagement.app/UnifiManagement";
				FRAMEWORK_SEARCH_PATHS = (
					"$(SDKROOT)/Developer/Library/Frameworks",
					"$(inherited)",
					"$(DEVELOPER_FRAMEWORKS_DIR)",
				);
				GCC_PRECOMPILE_PREFIX_HEADER = YES;
				GCC_PREFIX_HEADER = "UnifiManagement/UnifiManagement-Prefix.pch";
				GCC_PREPROCESSOR_DEFINITIONS = (
					"DEBUG=1",
					"$(inherited)",
				);
				INFOPLIST_FILE = "UnifiManagementTests/UnifiManagementTests-Info.plist";
				PRODUCT_NAME = "$(TARGET_NAME)";
				TEST_HOST = "$(BUNDLE_LOADER)";
				WRAPPER_EXTENSION = xctest;
			};
			name = Debug;
		};
		0E488DBB183C4FE5004FF995 /* Release */ = {
			isa = XCBuildConfiguration;
			buildSettings = {
				ARCHS = "$(ARCHS_STANDARD_INCLUDING_64_BIT)";
				BUNDLE_LOADER = "$(BUILT_PRODUCTS_DIR)/UnifiManagement.app/UnifiManagement";
				FRAMEWORK_SEARCH_PATHS = (
					"$(SDKROOT)/Developer/Library/Frameworks",
					"$(inherited)",
					"$(DEVELOPER_FRAMEWORKS_DIR)",
				);
				GCC_PRECOMPILE_PREFIX_HEADER = YES;
				GCC_PREFIX_HEADER = "UnifiManagement/UnifiManagement-Prefix.pch";
				INFOPLIST_FILE = "UnifiManagementTests/UnifiManagementTests-Info.plist";
				PRODUCT_NAME = "$(TARGET_NAME)";
				TEST_HOST = "$(BUNDLE_LOADER)";
				WRAPPER_EXTENSION = xctest;
			};
			name = Release;
		};
/* End XCBuildConfiguration section */

/* Begin XCConfigurationList section */
		0E488D7C183C4FE4004FF995 /* Build configuration list for PBXProject "UnifiManagement" */ = {
			isa = XCConfigurationList;
			buildConfigurations = (
				0E488DB4183C4FE5004FF995 /* Debug */,
				0E488DB5183C4FE5004FF995 /* Release */,
			);
			defaultConfigurationIsVisible = 0;
			defaultConfigurationName = Release;
		};
		0E488DB6183C4FE5004FF995 /* Build configuration list for PBXNativeTarget "UnifiManagement" */ = {
			isa = XCConfigurationList;
			buildConfigurations = (
				0E488DB7183C4FE5004FF995 /* Debug */,
				0E488DB8183C4FE5004FF995 /* Release */,
			);
			defaultConfigurationIsVisible = 0;
			defaultConfigurationName = Release;
		};
		0E488DB9183C4FE5004FF995 /* Build configuration list for PBXNativeTarget "UnifiManagementTests" */ = {
			isa = XCConfigurationList;
			buildConfigurations = (
				0E488DBA183C4FE5004FF995 /* Debug */,
				0E488DBB183C4FE5004FF995 /* Release */,
			);
			defaultConfigurationIsVisible = 0;
			defaultConfigurationName = Release;
		};
/* End XCConfigurationList section */
	};
	rootObject = 0E488D79183C4FE4004FF995 /* Project object */;
}
